github.com/tidwall/cities v0.1.0 h1:CVNkmMf7NEC9Bvokf5GoSsArHCKRMTgLuubRTHnH0mE=
github.com/tidwall/cities v0.1.0/go.mod h1:lV/HDp2gCcRcHJWqgt6Di54GiDrTZwh1aG2ZUPNbqa4=
github.com/tidwall/geoindex v1.4.3 h1:zowx7LtzibIE6JPbL6CRgVgw9qp13dJ8Pzfa4/f+4us=
github.com/tidwall/geoindex v1.4.3/go.mod h1:NQJQszWCH4+KlD0wY+mgQ2hK/GdSH+9+ZRknDY8bOHc=
github.com/tidwall/gjson v1.7.4 h1:19cchw8FOxkG5mdLRkGf9jqIqEyqdZhPqW60XfyFxk8=
github.com/tidwall/gjson v1.7.4/go.mod h1:5/xDoumyyDNerp2U36lyolv46b3uF/9Bu6OfyQ9GImk=
github.com/tidwall/lotsa v1.0.1 h1:w4gpDvI7RdkgbMC0q5ndKqG2ffrwCgerUY/gM2TYkH4=
github.com/tidwall/lotsa v1.0.1/go.mod h1:X6NiU+4yHA3fE3Puvpnn1XMDrFZrE9JO2/w+UMuqgR8=
github.com/tidwall/match v1.0.3 h1:FQUVvBImDutD8wJLN6c5eMzWtjgONK9MwIBCOrUJKeE=
github.com/tidwall/match v1.0.3/go.mod h1:eRSPERbgtNPcGhD8UCthc6PmLEQXEWd3PRB5JTxsfmM=
github.com/tidwall/pretty v1.1.0 h1:K3hMW5epkdAVwibsQEfR/7Zj0Qgt4DxtNumTq/VloO8=
github.com/tidwall/pretty v1.1.0/go.mod h1:XNkn88O1ChpSDQmQeStsy+sBenx6DDtFZJxhVysOjyk=
github.com/tidwall/rtree v1.2.7 h1:FlhF5kip3H8BSE4zjiZQYlk9sWvk6q/IU6p4vuPl9kc=
github.com/tidwall/rtree v1.2.7/go.mod h1:BzeDd0d/48mLxN0uEJgaU1H8WX3w8pePiLV/244rHuc=
github.com/tidwall/sjson v1.1.6 h1:8fDdlahON04OZBlTQCIatW8FstSFJz8oxidj5h0rmSQ=
github.com/tidwall/sjson v1.1.6/go.mod h1:KN3FZ7odvXIHPbJdhNorK/M9lWweVUbXsXXhrJ/kGOA=
